// !$*UTF8*$!
{
	archiveVersion = 1;
	classes = {
	};
	objectVersion = 56;
	objects = {

/* Begin PBXBuildFile section */
		AA22B15D295ACC1400CA9B01 /* TableViewCell.swift in Sources */ = {isa = PBXBuildFile; fileRef = AA22B15C295ACC1400CA9B01 /* TableViewCell.swift */; };
		AA272A1B292F8F71009439D5 /* AppDelegate.swift in Sources */ = {isa = PBXBuildFile; fileRef = AA272A1A292F8F71009439D5 /* AppDelegate.swift */; };
		AA272A1D292F8F71009439D5 /* SceneDelegate.swift in Sources */ = {isa = PBXBuildFile; fileRef = AA272A1C292F8F71009439D5 /* SceneDelegate.swift */; };
		AA272A25292F8F71009439D5 /* Navigator.xcdatamodeld in Sources */ = {isa = PBXBuildFile; fileRef = AA272A23292F8F71009439D5 /* Navigator.xcdatamodeld */; };
		AA272A27292F8F73009439D5 /* Assets.xcassets in Resources */ = {isa = PBXBuildFile; fileRef = AA272A26292F8F73009439D5 /* Assets.xcassets */; };
		AA272A2A292F8F73009439D5 /* LaunchScreen.storyboard in Resources */ = {isa = PBXBuildFile; fileRef = AA272A28292F8F73009439D5 /* LaunchScreen.storyboard */; };
		AA31554E296407BA0001284B /* PhotoTableViewCell.swift in Sources */ = {isa = PBXBuildFile; fileRef = AA31554D296407BA0001284B /* PhotoTableViewCell.swift */; };
		AA31555029644AB60001284B /* PhotosViewController.swift in Sources */ = {isa = PBXBuildFile; fileRef = AA31554F29644AB60001284B /* PhotosViewController.swift */; };
		AA489FA5298D2D7C00ED58EB /* Authorization.swift in Sources */ = {isa = PBXBuildFile; fileRef = AA489FA4298D2D7C00ED58EB /* Authorization.swift */; };
		AA49443E2965B62600980B34 /* PhotoCollectionViewCell.swift in Sources */ = {isa = PBXBuildFile; fileRef = AA49443D2965B62600980B34 /* PhotoCollectionViewCell.swift */; };
		AA4EF69E293B55C800FCC37E /* Dragon Expansion.png in Resources */ = {isa = PBXBuildFile; fileRef = AA4EF69D293B55C800FCC37E /* Dragon Expansion.png */; };
		AA783DE8299269BE00E55390 /* FullDetailViewController.swift in Sources */ = {isa = PBXBuildFile; fileRef = AA783DE7299269BE00E55390 /* FullDetailViewController.swift */; };
		AA821BF3293386A30033ED03 /* PostController.swift in Sources */ = {isa = PBXBuildFile; fileRef = AA821BF2293386A30033ED03 /* PostController.swift */; };
		AA821BF529338B780033ED03 /* FeedViewController.swift in Sources */ = {isa = PBXBuildFile; fileRef = AA821BF429338B780033ED03 /* FeedViewController.swift */; };
		AA821BF929338D020033ED03 /* ProViewController.swift in Sources */ = {isa = PBXBuildFile; fileRef = AA821BF829338D020033ED03 /* ProViewController.swift */; };
		AA882A8529389BE4009FAC93 /* ProfileHeaderView.swift in Sources */ = {isa = PBXBuildFile; fileRef = AA882A8429389BE4009FAC93 /* ProfileHeaderView.swift */; };
		AA882A8B29389E4A009FAC93 /* ProfilViewController.swift in Sources */ = {isa = PBXBuildFile; fileRef = AA882A8A29389E4A009FAC93 /* ProfilViewController.swift */; };
		AAAF64EB295098E500495341 /* PostViewController.swift in Sources */ = {isa = PBXBuildFile; fileRef = AAAF64EA295098E500495341 /* PostViewController.swift */; };
		AAAF64ED29509C5100495341 /* LogInViewController.swift in Sources */ = {isa = PBXBuildFile; fileRef = AAAF64EC29509C5100495341 /* LogInViewController.swift */; };
		AAC4A9142936036700AA7AB1 /* InfoViewController.swift in Sources */ = {isa = PBXBuildFile; fileRef = AAC4A9132936036700AA7AB1 /* InfoViewController.swift */; };
		AAED139B295873F800522885 /* PostModelViewController.swift in Sources */ = {isa = PBXBuildFile; fileRef = AAED139A295873F800522885 /* PostModelViewController.swift */; };
/* End PBXBuildFile section */

/* Begin PBXFileReference section */
		AA22B15C295ACC1400CA9B01 /* TableViewCell.swift */ = {isa = PBXFileReference; lastKnownFileType = sourcecode.swift; path = TableViewCell.swift; sourceTree = "<group>"; };
		AA272A17292F8F71009439D5 /* Navigator.app */ = {isa = PBXFileReference; explicitFileType = wrapper.application; includeInIndex = 0; path = Navigator.app; sourceTree = BUILT_PRODUCTS_DIR; };
		AA272A1A292F8F71009439D5 /* AppDelegate.swift */ = {isa = PBXFileReference; lastKnownFileType = sourcecode.swift; path = AppDelegate.swift; sourceTree = "<group>"; };
		AA272A1C292F8F71009439D5 /* SceneDelegate.swift */ = {isa = PBXFileReference; lastKnownFileType = sourcecode.swift; path = SceneDelegate.swift; sourceTree = "<group>"; };
		AA272A24292F8F71009439D5 /* Navigator.xcdatamodel */ = {isa = PBXFileReference; lastKnownFileType = wrapper.xcdatamodel; path = Navigator.xcdatamodel; sourceTree = "<group>"; };
		AA272A26292F8F73009439D5 /* Assets.xcassets */ = {isa = PBXFileReference; lastKnownFileType = folder.assetcatalog; path = Assets.xcassets; sourceTree = "<group>"; };
		AA272A29292F8F73009439D5 /* Base */ = {isa = PBXFileReference; lastKnownFileType = file.storyboard; name = Base; path = Base.lproj/LaunchScreen.storyboard; sourceTree = "<group>"; };
		AA272A2B292F8F73009439D5 /* Info.plist */ = {isa = PBXFileReference; lastKnownFileType = text.plist.xml; path = Info.plist; sourceTree = "<group>"; };
		AA31554D296407BA0001284B /* PhotoTableViewCell.swift */ = {isa = PBXFileReference; lastKnownFileType = sourcecode.swift; path = PhotoTableViewCell.swift; sourceTree = "<group>"; };
		AA31554F29644AB60001284B /* PhotosViewController.swift */ = {isa = PBXFileReference; lastKnownFileType = sourcecode.swift; path = PhotosViewController.swift; sourceTree = "<group>"; };
		AA489FA4298D2D7C00ED58EB /* Authorization.swift */ = {isa = PBXFileReference; lastKnownFileType = sourcecode.swift; path = Authorization.swift; sourceTree = "<group>"; };
		AA49443D2965B62600980B34 /* PhotoCollectionViewCell.swift */ = {isa = PBXFileReference; lastKnownFileType = sourcecode.swift; path = PhotoCollectionViewCell.swift; sourceTree = "<group>"; };
		AA4EF69D293B55C800FCC37E /* Dragon Expansion.png */ = {isa = PBXFileReference; lastKnownFileType = image.png; path = "Dragon Expansion.png"; sourceTree = "<group>"; };
		AA783DE7299269BE00E55390 /* FullDetailViewController.swift */ = {isa = PBXFileReference; lastKnownFileType = sourcecode.swift; path = FullDetailViewController.swift; sourceTree = "<group>"; };
		AA821BF2293386A30033ED03 /* PostController.swift */ = {isa = PBXFileReference; lastKnownFileType = sourcecode.swift; path = PostController.swift; sourceTree = "<group>"; };
		AA821BF429338B780033ED03 /* FeedViewController.swift */ = {isa = PBXFileReference; lastKnownFileType = sourcecode.swift; path = FeedViewController.swift; sourceTree = "<group>"; };
		AA821BF829338D020033ED03 /* ProViewController.swift */ = {isa = PBXFileReference; lastKnownFileType = sourcecode.swift; path = ProViewController.swift; sourceTree = "<group>"; };
		AA882A8429389BE4009FAC93 /* ProfileHeaderView.swift */ = {isa = PBXFileReference; lastKnownFileType = sourcecode.swift; path = ProfileHeaderView.swift; sourceTree = "<group>"; };
		AA882A8A29389E4A009FAC93 /* ProfilViewController.swift */ = {isa = PBXFileReference; lastKnownFileType = sourcecode.swift; path = ProfilViewController.swift; sourceTree = "<group>"; };
		AAAF64EA295098E500495341 /* PostViewController.swift */ = {isa = PBXFileReference; lastKnownFileType = sourcecode.swift; path = PostViewController.swift; sourceTree = "<group>"; };
		AAAF64EC29509C5100495341 /* LogInViewController.swift */ = {isa = PBXFileReference; lastKnownFileType = sourcecode.swift; path = LogInViewController.swift; sourceTree = "<group>"; };
		AAC4A9132936036700AA7AB1 /* InfoViewController.swift */ = {isa = PBXFileReference; lastKnownFileType = sourcecode.swift; path = InfoViewController.swift; sourceTree = "<group>"; };
		AAED139A295873F800522885 /* PostModelViewController.swift */ = {isa = PBXFileReference; lastKnownFileType = sourcecode.swift; path = PostModelViewController.swift; sourceTree = "<group>"; };
/* End PBXFileReference section */

/* Begin PBXFrameworksBuildPhase section */
		AA272A14292F8F71009439D5 /* Frameworks */ = {
			isa = PBXFrameworksBuildPhase;
			buildActionMask = 2147483647;
			files = (
			);
			runOnlyForDeploymentPostprocessing = 0;
		};
/* End PBXFrameworksBuildPhase section */

/* Begin PBXGroup section */
		AA272A0E292F8F71009439D5 = {
			isa = PBXGroup;
			children = (
				AA272A19292F8F71009439D5 /* Navigator */,
				AA272A18292F8F71009439D5 /* Products */,
			);
			sourceTree = "<group>";
		};
		AA272A18292F8F71009439D5 /* Products */ = {
			isa = PBXGroup;
			children = (
				AA272A17292F8F71009439D5 /* Navigator.app */,
			);
			name = Products;
			sourceTree = "<group>";
		};
		AA272A19292F8F71009439D5 /* Navigator */ = {
			isa = PBXGroup;
			children = (
				AA272A23292F8F71009439D5 /* Navigator.xcdatamodeld */,
				AA882A8329389BB2009FAC93 /* Profile */,
				AA5E7F10298A9A9500F9060A /* Supplements */,
				AA5E7F13298A9B2600F9060A /* Model */,
				AA5E7F12298A9AFC00F9060A /* Controllers */,
			);
			path = Navigator;
			sourceTree = "<group>";
		};
		AA5E7F10298A9A9500F9060A /* Supplements */ = {
			isa = PBXGroup;
			children = (
				AA272A2B292F8F73009439D5 /* Info.plist */,
				AA272A28292F8F73009439D5 /* LaunchScreen.storyboard */,
				AA4EF69D293B55C800FCC37E /* Dragon Expansion.png */,
				AA272A26292F8F73009439D5 /* Assets.xcassets */,
			);
			path = Supplements;
			sourceTree = "<group>";
		};
		AA5E7F12298A9AFC00F9060A /* Controllers */ = {
			isa = PBXGroup;
			children = (
				AA272A1A292F8F71009439D5 /* AppDelegate.swift */,
				AA272A1C292F8F71009439D5 /* SceneDelegate.swift */,
				AA821BF829338D020033ED03 /* ProViewController.swift */,
				AAC4A9132936036700AA7AB1 /* InfoViewController.swift */,
				AA821BF2293386A30033ED03 /* PostController.swift */,
				AA821BF429338B780033ED03 /* FeedViewController.swift */,
			);
			path = Controllers;
			sourceTree = "<group>";
		};
		AA5E7F13298A9B2600F9060A /* Model */ = {
			isa = PBXGroup;
			children = (
				AAAF64EA295098E500495341 /* PostViewController.swift */,
			);
			path = Model;
			sourceTree = "<group>";
		};
		AA5E7F14298A9B4900F9060A /* View */ = {
			isa = PBXGroup;
			children = (
				AA49443D2965B62600980B34 /* PhotoCollectionViewCell.swift */,
				AA31554D296407BA0001284B /* PhotoTableViewCell.swift */,
				AA22B15C295ACC1400CA9B01 /* TableViewCell.swift */,
				AA882A8429389BE4009FAC93 /* ProfileHeaderView.swift */,
			);
			path = View;
			sourceTree = "<group>";
		};
		AA5E7F15298A9B6E00F9060A /* Controllers */ = {
			isa = PBXGroup;
			children = (
				AA882A8A29389E4A009FAC93 /* ProfilViewController.swift */,
				AAAF64EC29509C5100495341 /* LogInViewController.swift */,
				AA31554F29644AB60001284B /* PhotosViewController.swift */,
				AA783DE7299269BE00E55390 /* FullDetailViewController.swift */,
			);
			path = Controllers;
			sourceTree = "<group>";
		};
		AA882A8329389BB2009FAC93 /* Profile */ = {
			isa = PBXGroup;
			children = (
				AA5E7F15298A9B6E00F9060A /* Controllers */,
				AA5E7F14298A9B4900F9060A /* View */,
				AAED1399295873D000522885 /* Model */,
			);
			path = Profile;
			sourceTree = "<group>";
		};
		AAED1399295873D000522885 /* Model */ = {
			isa = PBXGroup;
			children = (
				AAED139A295873F800522885 /* PostModelViewController.swift */,
				AA489FA4298D2D7C00ED58EB /* Authorization.swift */,
			);
			path = Model;
			sourceTree = "<group>";
		};
/* End PBXGroup section */

/* Begin PBXNativeTarget section */
		AA272A16292F8F71009439D5 /* Navigator */ = {
			isa = PBXNativeTarget;
			buildConfigurationList = AA272A2E292F8F73009439D5 /* Build configuration list for PBXNativeTarget "Navigator" */;
			buildPhases = (
				AA272A13292F8F71009439D5 /* Sources */,
				AA272A14292F8F71009439D5 /* Frameworks */,
				AA272A15292F8F71009439D5 /* Resources */,
			);
			buildRules = (
			);
			dependencies = (
			);
			name = Navigator;
			productName = Navigator;
			productReference = AA272A17292F8F71009439D5 /* Navigator.app */;
			productType = "com.apple.product-type.application";
		};
/* End PBXNativeTarget section */

/* Begin PBXProject section */
		AA272A0F292F8F71009439D5 /* Project object */ = {
			isa = PBXProject;
			attributes = {
				BuildIndependentTargetsInParallel = 1;
				LastSwiftUpdateCheck = 1410;
				LastUpgradeCheck = 1410;
				TargetAttributes = {
					AA272A16292F8F71009439D5 = {
						CreatedOnToolsVersion = 14.1;
					};
				};
			};
			buildConfigurationList = AA272A12292F8F71009439D5 /* Build configuration list for PBXProject "Navigator" */;
			compatibilityVersion = "Xcode 14.0";
			developmentRegion = en;
			hasScannedForEncodings = 0;
			knownRegions = (
				en,
				Base,
			);
			mainGroup = AA272A0E292F8F71009439D5;
			productRefGroup = AA272A18292F8F71009439D5 /* Products */;
			projectDirPath = "";
			projectRoot = "";
			targets = (
				AA272A16292F8F71009439D5 /* Navigator */,
			);
		};
/* End PBXProject section */

/* Begin PBXResourcesBuildPhase section */
		AA272A15292F8F71009439D5 /* Resources */ = {
			isa = PBXResourcesBuildPhase;
			buildActionMask = 2147483647;
			files = (
				AA4EF69E293B55C800FCC37E /* Dragon Expansion.png in Resources */,
				AA272A2A292F8F73009439D5 /* LaunchScreen.storyboard in Resources */,
				AA272A27292F8F73009439D5 /* Assets.xcassets in Resources */,
			);
			runOnlyForDeploymentPostprocessing = 0;
		};
/* End PBXResourcesBuildPhase section */

/* Begin PBXSourcesBuildPhase section */
		AA272A13292F8F71009439D5 /* Sources */ = {
			isa = PBXSourcesBuildPhase;
			buildActionMask = 2147483647;
			files = (
				AA31554E296407BA0001284B /* PhotoTableViewCell.swift in Sources */,
				AA22B15D295ACC1400CA9B01 /* TableViewCell.swift in Sources */,
				AA272A25292F8F71009439D5 /* Navigator.xcdatamodeld in Sources */,
				AA272A1B292F8F71009439D5 /* AppDelegate.swift in Sources */,
				AA821BF929338D020033ED03 /* ProViewController.swift in Sources */,
				AA882A8B29389E4A009FAC93 /* ProfilViewController.swift in Sources */,
				AAC4A9142936036700AA7AB1 /* InfoViewController.swift in Sources */,
				AA821BF529338B780033ED03 /* FeedViewController.swift in Sources */,
				AA489FA5298D2D7C00ED58EB /* Authorization.swift in Sources */,
				AA272A1D292F8F71009439D5 /* SceneDelegate.swift in Sources */,
				AA49443E2965B62600980B34 /* PhotoCollectionViewCell.swift in Sources */,
				AA31555029644AB60001284B /* PhotosViewController.swift in Sources */,
				AA783DE8299269BE00E55390 /* FullDetailViewController.swift in Sources */,
				AA821BF3293386A30033ED03 /* PostController.swift in Sources */,
				AAAF64ED29509C5100495341 /* LogInViewController.swift in Sources */,
				AAED139B295873F800522885 /* PostModelViewController.swift in Sources */,
				AA882A8529389BE4009FAC93 /* ProfileHeaderView.swift in Sources */,
				AAAF64EB295098E500495341 /* PostViewController.swift in Sources */,
			);
			runOnlyForDeploymentPostprocessing = 0;
		};
/* End PBXSourcesBuildPhase section */

/* Begin PBXVariantGroup section */
		AA272A28292F8F73009439D5 /* LaunchScreen.storyboard */ = {
			isa = PBXVariantGroup;
			children = (
				AA272A29292F8F73009439D5 /* Base */,
			);
			name = LaunchScreen.storyboard;
			sourceTree = "<group>";
		};
/* End PBXVariantGroup section */

/* Begin XCBuildConfiguration section */
		AA272A2C292F8F73009439D5 /* Debug */ = {
			isa = XCBuildConfiguration;
			buildSettings = {
				ALWAYS_SEARCH_USER_PATHS = NO;
				CLANG_ANALYZER_NONNULL = YES;
				CLANG_ANALYZER_NUMBER_OBJECT_CONVERSION = YES_AGGRESSIVE;
				CLANG_CXX_LANGUAGE_STANDARD = "gnu++20";
				CLANG_ENABLE_MODULES = YES;
				CLANG_ENABLE_OBJC_ARC = YES;
				CLANG_ENABLE_OBJC_WEAK = YES;
				CLANG_WARN_BLOCK_CAPTURE_AUTORELEASING = YES;
				CLANG_WARN_BOOL_CONVERSION = YES;
				CLANG_WARN_COMMA = YES;
				CLANG_WARN_CONSTANT_CONVERSION = YES;
				CLANG_WARN_DEPRECATED_OBJC_IMPLEMENTATIONS = YES;
				CLANG_WARN_DIRECT_OBJC_ISA_USAGE = YES_ERROR;
				CLANG_WARN_DOCUMENTATION_COMMENTS = YES;
				CLANG_WARN_EMPTY_BODY = YES;
				CLANG_WARN_ENUM_CONVERSION = YES;
				CLANG_WARN_INFINITE_RECURSION = YES;
				CLANG_WARN_INT_CONVERSION = YES;
				CLANG_WARN_NON_LITERAL_NULL_CONVERSION = YES;
				CLANG_WARN_OBJC_IMPLICIT_RETAIN_SELF = YES;
				CLANG_WARN_OBJC_LITERAL_CONVERSION = YES;
				CLANG_WARN_OBJC_ROOT_CLASS = YES_ERROR;
				CLANG_WARN_QUOTED_INCLUDE_IN_FRAMEWORK_HEADER = YES;
				CLANG_WARN_RANGE_LOOP_ANALYSIS = YES;
				CLANG_WARN_STRICT_PROTOTYPES = YES;
				CLANG_WARN_SUSPICIOUS_MOVE = YES;
				CLANG_WARN_UNGUARDED_AVAILABILITY = YES_AGGRESSIVE;
				CLANG_WARN_UNREACHABLE_CODE = YES;
				CLANG_WARN__DUPLICATE_METHOD_MATCH = YES;
				COPY_PHASE_STRIP = NO;
				DEBUG_INFORMATION_FORMAT = dwarf;
				ENABLE_STRICT_OBJC_MSGSEND = YES;
				ENABLE_TESTABILITY = YES;
				GCC_C_LANGUAGE_STANDARD = gnu11;
				GCC_DYNAMIC_NO_PIC = NO;
				GCC_NO_COMMON_BLOCKS = YES;
				GCC_OPTIMIZATION_LEVEL = 0;
				GCC_PREPROCESSOR_DEFINITIONS = (
					"DEBUG=1",
					"$(inherited)",
				);
				GCC_WARN_64_TO_32_BIT_CONVERSION = YES;
				GCC_WARN_ABOUT_RETURN_TYPE = YES_ERROR;
				GCC_WARN_UNDECLARED_SELECTOR = YES;
				GCC_WARN_UNINITIALIZED_AUTOS = YES_AGGRESSIVE;
				GCC_WARN_UNUSED_FUNCTION = YES;
				GCC_WARN_UNUSED_VARIABLE = YES;
				IPHONEOS_DEPLOYMENT_TARGET = 16.1;
				MTL_ENABLE_DEBUG_INFO = INCLUDE_SOURCE;
				MTL_FAST_MATH = YES;
				ONLY_ACTIVE_ARCH = YES;
				SDKROOT = iphoneos;
				SWIFT_ACTIVE_COMPILATION_CONDITIONS = DEBUG;
				SWIFT_OPTIMIZATION_LEVEL = "-Onone";
			};
			name = Debug;
		};
		AA272A2D292F8F73009439D5 /* Release */ = {
			isa = XCBuildConfiguration;
			buildSettings = {
				ALWAYS_SEARCH_USER_PATHS = NO;
				CLANG_ANALYZER_NONNULL = YES;
				CLANG_ANALYZER_NUMBER_OBJECT_CONVERSION = YES_AGGRESSIVE;
				CLANG_CXX_LANGUAGE_STANDARD = "gnu++20";
				CLANG_ENABLE_MODULES = YES;
				CLANG_ENABLE_OBJC_ARC = YES;
				CLANG_ENABLE_OBJC_WEAK = YES;
				CLANG_WARN_BLOCK_CAPTURE_AUTORELEASING = YES;
				CLANG_WARN_BOOL_CONVERSION = YES;
				CLANG_WARN_COMMA = YES;
				CLANG_WARN_CONSTANT_CONVERSION = YES;
				CLANG_WARN_DEPRECATED_OBJC_IMPLEMENTATIONS = YES;
				CLANG_WARN_DIRECT_OBJC_ISA_USAGE = YES_ERROR;
				CLANG_WARN_DOCUMENTATION_COMMENTS = YES;
				CLANG_WARN_EMPTY_BODY = YES;
				CLANG_WARN_ENUM_CONVERSION = YES;
				CLANG_WARN_INFINITE_RECURSION = YES;
				CLANG_WARN_INT_CONVERSION = YES;
				CLANG_WARN_NON_LITERAL_NULL_CONVERSION = YES;
				CLANG_WARN_OBJC_IMPLICIT_RETAIN_SELF = YES;
				CLANG_WARN_OBJC_LITERAL_CONVERSION = YES;
				CLANG_WARN_OBJC_ROOT_CLASS = YES_ERROR;
				CLANG_WARN_QUOTED_INCLUDE_IN_FRAMEWORK_HEADER = YES;
				CLANG_WARN_RANGE_LOOP_ANALYSIS = YES;
				CLANG_WARN_STRICT_PROTOTYPES = YES;
				CLANG_WARN_SUSPICIOUS_MOVE = YES;
				CLANG_WARN_UNGUARDED_AVAILABILITY = YES_AGGRESSIVE;
				CLANG_WARN_UNREACHABLE_CODE = YES;
				CLANG_WARN__DUPLICATE_METHOD_MATCH = YES;
				COPY_PHASE_STRIP = NO;
				DEBUG_INFORMATION_FORMAT = "dwarf-with-dsym";
				ENABLE_NS_ASSERTIONS = NO;
				ENABLE_STRICT_OBJC_MSGSEND = YES;
				GCC_C_LANGUAGE_STANDARD = gnu11;
				GCC_NO_COMMON_BLOCKS = YES;
				GCC_WARN_64_TO_32_BIT_CONVERSION = YES;
				GCC_WARN_ABOUT_RETURN_TYPE = YES_ERROR;
				GCC_WARN_UNDECLARED_SELECTOR = YES;
				GCC_WARN_UNINITIALIZED_AUTOS = YES_AGGRESSIVE;
				GCC_WARN_UNUSED_FUNCTION = YES;
				GCC_WARN_UNUSED_VARIABLE = YES;
				IPHONEOS_DEPLOYMENT_TARGET = 16.1;
				MTL_ENABLE_DEBUG_INFO = NO;
				MTL_FAST_MATH = YES;
				SDKROOT = iphoneos;
				SWIFT_COMPILATION_MODE = wholemodule;
				SWIFT_OPTIMIZATION_LEVEL = "-O";
				VALIDATE_PRODUCT = YES;
			};
			name = Release;
		};
		AA272A2F292F8F73009439D5 /* Debug */ = {
			isa = XCBuildConfiguration;
			buildSettings = {
				ASSETCATALOG_COMPILER_APPICON_NAME = AppIcon;
				ASSETCATALOG_COMPILER_GLOBAL_ACCENT_COLOR_NAME = AccentColor;
				CODE_SIGN_STYLE = Automatic;
				CURRENT_PROJECT_VERSION = 1;
				DEVELOPMENT_TEAM = C4MF94BMZN;
				GENERATE_INFOPLIST_FILE = YES;
				INFOPLIST_FILE = /Applications/Xcode/Navigator/Navigator/Supplements/info.plist;
				INFOPLIST_KEY_UIApplicationSupportsIndirectInputEvents = YES;
				INFOPLIST_KEY_UILaunchStoryboardName = LaunchScreen;
				INFOPLIST_KEY_UISupportedInterfaceOrientations_iPad = "UIInterfaceOrientationPortrait UIInterfaceOrientationPortraitUpsideDown UIInterfaceOrientationLandscapeLeft UIInterfaceOrientationLandscapeRight";
				INFOPLIST_KEY_UISupportedInterfaceOrientations_iPhone = "UIInterfaceOrientationPortrait UIInterfaceOrientationLandscapeLeft UIInterfaceOrientationLandscapeRight";
				LD_RUNPATH_SEARCH_PATHS = (
					"$(inherited)",
					"@executable_path/Frameworks",
				);
				MARKETING_VERSION = 1.0;
				PRODUCT_BUNDLE_IDENTIFIER = "ru.medey90-mail.Navigator";
				PRODUCT_NAME = "$(TARGET_NAME)";
				SWIFT_EMIT_LOC_STRINGS = YES;
				SWIFT_VERSION = 5.0;
				TARGETED_DEVICE_FAMILY = "1,2";
			};
			name = Debug;
		};
		AA272A30292F8F73009439D5 /* Release */ = {
			isa = XCBuildConfiguration;
			buildSettings = {
				ASSETCATALOG_COMPILER_APPICON_NAME = AppIcon;
				ASSETCATALOG_COMPILER_GLOBAL_ACCENT_COLOR_NAME = AccentColor;
				CODE_SIGN_STYLE = Automatic;
				CURRENT_PROJECT_VERSION = 1;
				DEVELOPMENT_TEAM = C4MF94BMZN;
				GENERATE_INFOPLIST_FILE = YES;
				INFOPLIST_FILE = /Applications/Xcode/Navigator/Navigator/Supplements/info.plist;
				INFOPLIST_KEY_UIApplicationSupportsIndirectInputEvents = YES;
				INFOPLIST_KEY_UILaunchStoryboardName = LaunchScreen;
				"INFOPLIST_KEY_UIMainStoryboardFile[sdk=*]" = "";
				INFOPLIST_KEY_UISupportedInterfaceOrientations_iPad = "UIInterfaceOrientationPortrait UIInterfaceOrientationPortraitUpsideDown UIInterfaceOrientationLandscapeLeft UIInterfaceOrientationLandscapeRight";
				INFOPLIST_KEY_UISupportedInterfaceOrientations_iPhone = "UIInterfaceOrientationPortrait UIInterfaceOrientationLandscapeLeft UIInterfaceOrientationLandscapeRight";
				LD_RUNPATH_SEARCH_PATHS = (
					"$(inherited)",
					"@executable_path/Frameworks",
				);
				MARKETING_VERSION = 1.0;
				PRODUCT_BUNDLE_IDENTIFIER = "ru.medey90-mail.Navigator";
				PRODUCT_NAME = "$(TARGET_NAME)";
				SWIFT_EMIT_LOC_STRINGS = YES;
				SWIFT_VERSION = 5.0;
				TARGETED_DEVICE_FAMILY = "1,2";
			};
			name = Release;
		};
/* End XCBuildConfiguration section */

/* Begin XCConfigurationList section */
		AA272A12292F8F71009439D5 /* Build configuration list for PBXProject "Navigator" */ = {
			isa = XCConfigurationList;
			buildConfigurations = (
				AA272A2C292F8F73009439D5 /* Debug */,
				AA272A2D292F8F73009439D5 /* Release */,
			);
			defaultConfigurationIsVisible = 0;
			defaultConfigurationName = Release;
		};
		AA272A2E292F8F73009439D5 /* Build configuration list for PBXNativeTarget "Navigator" */ = {
			isa = XCConfigurationList;
			buildConfigurations = (
				AA272A2F292F8F73009439D5 /* Debug */,
				AA272A30292F8F73009439D5 /* Release */,
			);
			defaultConfigurationIsVisible = 0;
			defaultConfigurationName = Release;
		};
/* End XCConfigurationList section */

/* Begin XCVersionGroup section */
		AA272A23292F8F71009439D5 /* Navigator.xcdatamodeld */ = {
			isa = XCVersionGroup;
			children = (
				AA272A24292F8F71009439D5 /* Navigator.xcdatamodel */,
			);
			currentVersion = AA272A24292F8F71009439D5 /* Navigator.xcdatamodel */;
			path = Navigator.xcdatamodeld;
			sourceTree = "<group>";
			versionGroupType = wrapper.xcdatamodel;
		};
/* End XCVersionGroup section */
	};
	rootObject = AA272A0F292F8F71009439D5 /* Project object */;
}
